
Microsoft Visual Studio Solution File, Format Version 12.00
Project("{FAE04EC0-301F-11D3-BF4B-00C04F79EFBC}") = "ConsoleApp3.1", "ConsoleApp3.1\ConsoleApp3.1.csproj", "{007A6B71-403E-4625-83DC-C8A65DF6C36C}"
EndProject
Project("{FAE04EC0-301F-11D3-BF4B-00C04F79EFBC}") = "ConsoleApp3.2", "ConsoleApp3.2\ConsoleApp3.2.csproj", "{9D709986-2C3A-4756-AC90-49DE839B9CF2}"
EndProject
Project("{FAE04EC0-301F-11D3-BF4B-00C04F79EFBC}") = "ConsoleApp3.3", "ConsoleApp3.3\ConsoleApp3.3.csproj", "{2B26A294-80D7-4333-97D8-BC5744F1B36F}"
EndProject
Global
	GlobalSection(SolutionConfigurationPlatforms) = preSolution
		Debug|Any CPU = Debug|Any CPU
		Release|Any CPU = Release|Any CPU
	EndGlobalSection
	GlobalSection(ProjectConfigurationPlatforms) = postSolution
		{007A6B71-403E-4625-83DC-C8A65DF6C36C}.Debug|Any CPU.ActiveCfg = Debug|Any CPU
		{007A6B71-403E-4625-83DC-C8A65DF6C36C}.Debug|Any CPU.Build.0 = Debug|Any CPU
		{007A6B71-403E-4625-83DC-C8A65DF6C36C}.Release|Any CPU.ActiveCfg = Release|Any CPU
		{007A6B71-403E-4625-83DC-C8A65DF6C36C}.Release|Any CPU.Build.0 = Release|Any CPU
		{9D709986-2C3A-4756-AC90-49DE839B9CF2}.Debug|Any CPU.ActiveCfg = Debug|Any CPU
		{9D709986-2C3A-4756-AC90-49DE839B9CF2}.Debug|Any CPU.Build.0 = Debug|Any CPU
		{9D709986-2C3A-4756-AC90-49DE839B9CF2}.Release|Any CPU.ActiveCfg = Release|Any CPU
		{9D709986-2C3A-4756-AC90-49DE839B9CF2}.Release|Any CPU.Build.0 = Release|Any CPU
		{2B26A294-80D7-4333-97D8-BC5744F1B36F}.Debug|Any CPU.ActiveCfg = Debug|Any CPU
		{2B26A294-80D7-4333-97D8-BC5744F1B36F}.Debug|Any CPU.Build.0 = Debug|Any CPU
		{2B26A294-80D7-4333-97D8-BC5744F1B36F}.Release|Any CPU.ActiveCfg = Release|Any CPU
		{2B26A294-80D7-4333-97D8-BC5744F1B36F}.Release|Any CPU.Build.0 = Release|Any CPU
	EndGlobalSection
EndGlobal
